// !$*UTF8*$!
{
	archiveVersion = 1;
	classes = {
	};
	objectVersion = 56;
	objects = {

/* Begin PBXBuildFile section */
		78FABC9A2C6F8BD1009BAD4F /* SoundApp.swift in Sources */ = {isa = PBXBuildFile; fileRef = 78FABC992C6F8BD1009BAD4F /* SoundApp.swift */; };
		78FABC9C2C6F8BD1009BAD4F /* ContentView.swift in Sources */ = {isa = PBXBuildFile; fileRef = 78FABC9B2C6F8BD1009BAD4F /* ContentView.swift */; };
		78FABC9E2C6F8BD2009BAD4F /* Assets.xcassets in Resources */ = {isa = PBXBuildFile; fileRef = 78FABC9D2C6F8BD2009BAD4F /* Assets.xcassets */; };
		78FABCA22C6F8BD2009BAD4F /* Preview Assets.xcassets in Resources */ = {isa = PBXBuildFile; fileRef = 78FABCA12C6F8BD2009BAD4F /* Preview Assets.xcassets */; };
		78FABCA92C6F8C00009BAD4F /* AudioManager.swift in Sources */ = {isa = PBXBuildFile; fileRef = 78FABCA82C6F8C00009BAD4F /* AudioManager.swift */; };
		78FABCAC2C6F8C23009BAD4F /* AudioKit in Frameworks */ = {isa = PBXBuildFile; productRef = 78FABCAB2C6F8C23009BAD4F /* AudioKit */; };
		78FABCAF2C6F8C36009BAD4F /* SoundpipeAudioKit in Frameworks */ = {isa = PBXBuildFile; productRef = 78FABCAE2C6F8C36009BAD4F /* SoundpipeAudioKit */; };
		78FABCC92C6F8D38009BAD4F /* SoundToyView.swift in Sources */ = {isa = PBXBuildFile; fileRef = 78FABCC82C6F8D38009BAD4F /* SoundToyView.swift */; };
		78FABCCA2C6F8DBE009BAD4F /* Kitchen Timer Normal.caf in Resources */ = {isa = PBXBuildFile; fileRef = 78FABCB42C6F8C88009BAD4F /* Kitchen Timer Normal.caf */; };
		78FABCCB2C6F8DBE009BAD4F /* Gong 2.caf in Resources */ = {isa = PBXBuildFile; fileRef = 78FABCB32C6F8C88009BAD4F /* Gong 2.caf */; };
		78FABCCC2C6F8DBE009BAD4F /* Chimes 2.caf in Resources */ = {isa = PBXBuildFile; fileRef = 78FABCBF2C6F8C89009BAD4F /* Chimes 2.caf */; };
		78FABCCD2C6F8DBE009BAD4F /* Chimes 3.caf in Resources */ = {isa = PBXBuildFile; fileRef = 78FABCB62C6F8C88009BAD4F /* Chimes 3.caf */; };
		78FABCCE2C6F8DBE009BAD4F /* Basic Bells 2.caf in Resources */ = {isa = PBXBuildFile; fileRef = 78FABCB92C6F8C88009BAD4F /* Basic Bells 2.caf */; };
		78FABCCF2C6F8DBE009BAD4F /* Singing Bowl 1.caf in Resources */ = {isa = PBXBuildFile; fileRef = 78FABCB52C6F8C88009BAD4F /* Singing Bowl 1.caf */; };
		78FABCD02C6F8DBE009BAD4F /* Metallophone.caf in Resources */ = {isa = PBXBuildFile; fileRef = 78FABCBD2C6F8C89009BAD4F /* Metallophone.caf */; };
		78FABCD12C6F8DBE009BAD4F /* 047.aif in Resources */ = {isa = PBXBuildFile; fileRef = 78FABCB22C6F8C81009BAD4F /* 047.aif */; };
		78FABCD22C6F8DBE009BAD4F /* Singing Bowl 2.caf in Resources */ = {isa = PBXBuildFile; fileRef = 78FABCBC2C6F8C89009BAD4F /* Singing Bowl 2.caf */; };
		78FABCD32C6F8DBE009BAD4F /* Basic Bells 1.caf in Resources */ = {isa = PBXBuildFile; fileRef = 78FABCB72C6F8C88009BAD4F /* Basic Bells 1.caf */; };
		78FABCD42C6F8DBE009BAD4F /* Synth Bell.caf in Resources */ = {isa = PBXBuildFile; fileRef = 78FABCC02C6F8C89009BAD4F /* Synth Bell.caf */; };
		78FABCD52C6F8DBE009BAD4F /* Gong 2b.caf in Resources */ = {isa = PBXBuildFile; fileRef = 78FABCC62C6F8C89009BAD4F /* Gong 2b.caf */; };
		78FABCD62C6F8DBE009BAD4F /* Phonogeneli.aif in Resources */ = {isa = PBXBuildFile; fileRef = 78FABCC72C6F8C89009BAD4F /* Phonogeneli.aif */; };
		78FABCD72C6F8DBE009BAD4F /* Singing Bowl 2b.caf in Resources */ = {isa = PBXBuildFile; fileRef = 78FABCC52C6F8C89009BAD4F /* Singing Bowl 2b.caf */; };
		78FABCD82C6F8DBE009BAD4F /* 060.aif in Resources */ = {isa = PBXBuildFile; fileRef = 78FABCC32C6F8C89009BAD4F /* 060.aif */; };
		78FABCD92C6F8DBE009BAD4F /* Chimes.caf in Resources */ = {isa = PBXBuildFile; fileRef = 78FABCBB2C6F8C88009BAD4F /* Chimes.caf */; };
		78FABCDA2C6F8DBE009BAD4F /* Friendly End.caf in Resources */ = {isa = PBXBuildFile; fileRef = 78FABCB82C6F8C88009BAD4F /* Friendly End.caf */; };
		78FABCDB2C6F8DBE009BAD4F /* Chimes 4.caf in Resources */ = {isa = PBXBuildFile; fileRef = 78FABCC22C6F8C89009BAD4F /* Chimes 4.caf */; };
		78FABCDC2C6F8DBE009BAD4F /* Basic Bells 3.caf in Resources */ = {isa = PBXBuildFile; fileRef = 78FABCBA2C6F8C88009BAD4F /* Basic Bells 3.caf */; };
		78FABCDD2C6F8DBE009BAD4F /* Dual Bowl.caf in Resources */ = {isa = PBXBuildFile; fileRef = 78FABCC42C6F8C89009BAD4F /* Dual Bowl.caf */; };
		78FABCDE2C6F8DBE009BAD4F /* Friendly.caf in Resources */ = {isa = PBXBuildFile; fileRef = 78FABCC12C6F8C89009BAD4F /* Friendly.caf */; };
/* End PBXBuildFile section */

/* Begin PBXFileReference section */
		78FABC962C6F8BD1009BAD4F /* Sound.app */ = {isa = PBXFileReference; explicitFileType = wrapper.application; includeInIndex = 0; path = Sound.app; sourceTree = BUILT_PRODUCTS_DIR; };
		78FABC992C6F8BD1009BAD4F /* SoundApp.swift */ = {isa = PBXFileReference; lastKnownFileType = sourcecode.swift; path = SoundApp.swift; sourceTree = "<group>"; };
		78FABC9B2C6F8BD1009BAD4F /* ContentView.swift */ = {isa = PBXFileReference; lastKnownFileType = sourcecode.swift; path = ContentView.swift; sourceTree = "<group>"; };
		78FABC9D2C6F8BD2009BAD4F /* Assets.xcassets */ = {isa = PBXFileReference; lastKnownFileType = folder.assetcatalog; path = Assets.xcassets; sourceTree = "<group>"; };
		78FABC9F2C6F8BD2009BAD4F /* Sound.entitlements */ = {isa = PBXFileReference; lastKnownFileType = text.plist.entitlements; path = Sound.entitlements; sourceTree = "<group>"; };
		78FABCA12C6F8BD2009BAD4F /* Preview Assets.xcassets */ = {isa = PBXFileReference; lastKnownFileType = folder.assetcatalog; path = "Preview Assets.xcassets"; sourceTree = "<group>"; };
		78FABCA82C6F8C00009BAD4F /* AudioManager.swift */ = {isa = PBXFileReference; lastKnownFileType = sourcecode.swift; path = AudioManager.swift; sourceTree = "<group>"; };
		78FABCB22C6F8C81009BAD4F /* 047.aif */ = {isa = PBXFileReference; lastKnownFileType = file; path = 047.aif; sourceTree = "<group>"; };
		78FABCB32C6F8C88009BAD4F /* Gong 2.caf */ = {isa = PBXFileReference; lastKnownFileType = file; path = "Gong 2.caf"; sourceTree = "<group>"; };
		78FABCB42C6F8C88009BAD4F /* Kitchen Timer Normal.caf */ = {isa = PBXFileReference; lastKnownFileType = file; path = "Kitchen Timer Normal.caf"; sourceTree = "<group>"; };
		78FABCB52C6F8C88009BAD4F /* Singing Bowl 1.caf */ = {isa = PBXFileReference; lastKnownFileType = file; path = "Singing Bowl 1.caf"; sourceTree = "<group>"; };
		78FABCB62C6F8C88009BAD4F /* Chimes 3.caf */ = {isa = PBXFileReference; lastKnownFileType = file; path = "Chimes 3.caf"; sourceTree = "<group>"; };
		78FABCB72C6F8C88009BAD4F /* Basic Bells 1.caf */ = {isa = PBXFileReference; lastKnownFileType = file; path = "Basic Bells 1.caf"; sourceTree = "<group>"; };
		78FABCB82C6F8C88009BAD4F /* Friendly End.caf */ = {isa = PBXFileReference; lastKnownFileType = file; path = "Friendly End.caf"; sourceTree = "<group>"; };
		78FABCB92C6F8C88009BAD4F /* Basic Bells 2.caf */ = {isa = PBXFileReference; lastKnownFileType = file; path = "Basic Bells 2.caf"; sourceTree = "<group>"; };
		78FABCBA2C6F8C88009BAD4F /* Basic Bells 3.caf */ = {isa = PBXFileReference; lastKnownFileType = file; path = "Basic Bells 3.caf"; sourceTree = "<group>"; };
		78FABCBB2C6F8C88009BAD4F /* Chimes.caf */ = {isa = PBXFileReference; lastKnownFileType = file; path = Chimes.caf; sourceTree = "<group>"; };
		78FABCBC2C6F8C89009BAD4F /* Singing Bowl 2.caf */ = {isa = PBXFileReference; lastKnownFileType = file; path = "Singing Bowl 2.caf"; sourceTree = "<group>"; };
		78FABCBD2C6F8C89009BAD4F /* Metallophone.caf */ = {isa = PBXFileReference; lastKnownFileType = file; path = Metallophone.caf; sourceTree = "<group>"; };
		78FABCBF2C6F8C89009BAD4F /* Chimes 2.caf */ = {isa = PBXFileReference; lastKnownFileType = file; path = "Chimes 2.caf"; sourceTree = "<group>"; };
		78FABCC02C6F8C89009BAD4F /* Synth Bell.caf */ = {isa = PBXFileReference; lastKnownFileType = file; path = "Synth Bell.caf"; sourceTree = "<group>"; };
		78FABCC12C6F8C89009BAD4F /* Friendly.caf */ = {isa = PBXFileReference; lastKnownFileType = file; path = Friendly.caf; sourceTree = "<group>"; };
		78FABCC22C6F8C89009BAD4F /* Chimes 4.caf */ = {isa = PBXFileReference; lastKnownFileType = file; path = "Chimes 4.caf"; sourceTree = "<group>"; };
		78FABCC32C6F8C89009BAD4F /* 060.aif */ = {isa = PBXFileReference; lastKnownFileType = file; path = 060.aif; sourceTree = "<group>"; };
		78FABCC42C6F8C89009BAD4F /* Dual Bowl.caf */ = {isa = PBXFileReference; lastKnownFileType = file; path = "Dual Bowl.caf"; sourceTree = "<group>"; };
		78FABCC52C6F8C89009BAD4F /* Singing Bowl 2b.caf */ = {isa = PBXFileReference; lastKnownFileType = file; path = "Singing Bowl 2b.caf"; sourceTree = "<group>"; };
		78FABCC62C6F8C89009BAD4F /* Gong 2b.caf */ = {isa = PBXFileReference; lastKnownFileType = file; path = "Gong 2b.caf"; sourceTree = "<group>"; };
		78FABCC72C6F8C89009BAD4F /* Phonogeneli.aif */ = {isa = PBXFileReference; lastKnownFileType = file; path = Phonogeneli.aif; sourceTree = "<group>"; };
		78FABCC82C6F8D38009BAD4F /* SoundToyView.swift */ = {isa = PBXFileReference; lastKnownFileType = sourcecode.swift; path = SoundToyView.swift; sourceTree = "<group>"; };
/* End PBXFileReference section */

/* Begin PBXFrameworksBuildPhase section */
		78FABC932C6F8BD1009BAD4F /* Frameworks */ = {
			isa = PBXFrameworksBuildPhase;
			buildActionMask = 2147483647;
			files = (
				78FABCAF2C6F8C36009BAD4F /* SoundpipeAudioKit in Frameworks */,
				78FABCAC2C6F8C23009BAD4F /* AudioKit in Frameworks */,
			);
			runOnlyForDeploymentPostprocessing = 0;
		};
/* End PBXFrameworksBuildPhase section */

/* Begin PBXGroup section */
		78FABC8D2C6F8BD1009BAD4F = {
			isa = PBXGroup;
			children = (
				78FABC982C6F8BD1009BAD4F /* Sound */,
				78FABC972C6F8BD1009BAD4F /* Products */,
			);
			sourceTree = "<group>";
		};
		78FABC972C6F8BD1009BAD4F /* Products */ = {
			isa = PBXGroup;
			children = (
				78FABC962C6F8BD1009BAD4F /* Sound.app */,
			);
			name = Products;
			sourceTree = "<group>";
		};
		78FABC982C6F8BD1009BAD4F /* Sound */ = {
			isa = PBXGroup;
			children = (
				78FABC992C6F8BD1009BAD4F /* SoundApp.swift */,
				78FABC9B2C6F8BD1009BAD4F /* ContentView.swift */,
				78FABCC82C6F8D38009BAD4F /* SoundToyView.swift */,
				78FABCB02C6F8C4D009BAD4F /* Model */,
				78FABC9D2C6F8BD2009BAD4F /* Assets.xcassets */,
				78FABC9F2C6F8BD2009BAD4F /* Sound.entitlements */,
				78FABCB12C6F8C76009BAD4F /* Sounds */,
				78FABCA02C6F8BD2009BAD4F /* Preview Content */,
			);
			path = Sound;
			sourceTree = "<group>";
		};
		78FABCA02C6F8BD2009BAD4F /* Preview Content */ = {
			isa = PBXGroup;
			children = (
				78FABCA12C6F8BD2009BAD4F /* Preview Assets.xcassets */,
			);
			path = "Preview Content";
			sourceTree = "<group>";
		};
		78FABCB02C6F8C4D009BAD4F /* Model */ = {
			isa = PBXGroup;
			children = (
				78FABCA82C6F8C00009BAD4F /* AudioManager.swift */,
			);
			path = Model;
			sourceTree = "<group>";
		};
		78FABCB12C6F8C76009BAD4F /* Sounds */ = {
			isa = PBXGroup;
			children = (
				78FABCB22C6F8C81009BAD4F /* 047.aif */,
				78FABCC32C6F8C89009BAD4F /* 060.aif */,
				78FABCB72C6F8C88009BAD4F /* Basic Bells 1.caf */,
				78FABCB92C6F8C88009BAD4F /* Basic Bells 2.caf */,
				78FABCBA2C6F8C88009BAD4F /* Basic Bells 3.caf */,
				78FABCBF2C6F8C89009BAD4F /* Chimes 2.caf */,
				78FABCB62C6F8C88009BAD4F /* Chimes 3.caf */,
				78FABCC22C6F8C89009BAD4F /* Chimes 4.caf */,
				78FABCBB2C6F8C88009BAD4F /* Chimes.caf */,
				78FABCC42C6F8C89009BAD4F /* Dual Bowl.caf */,
				78FABCB82C6F8C88009BAD4F /* Friendly End.caf */,
				78FABCC12C6F8C89009BAD4F /* Friendly.caf */,
				78FABCB32C6F8C88009BAD4F /* Gong 2.caf */,
				78FABCC62C6F8C89009BAD4F /* Gong 2b.caf */,
				78FABCB42C6F8C88009BAD4F /* Kitchen Timer Normal.caf */,
				78FABCBD2C6F8C89009BAD4F /* Metallophone.caf */,
				78FABCC72C6F8C89009BAD4F /* Phonogeneli.aif */,
				78FABCB52C6F8C88009BAD4F /* Singing Bowl 1.caf */,
				78FABCBC2C6F8C89009BAD4F /* Singing Bowl 2.caf */,
				78FABCC52C6F8C89009BAD4F /* Singing Bowl 2b.caf */,
				78FABCC02C6F8C89009BAD4F /* Synth Bell.caf */,
			);
			path = Sounds;
			sourceTree = "<group>";
		};
/* End PBXGroup section */

/* Begin PBXNativeTarget section */
		78FABC952C6F8BD1009BAD4F /* Sound */ = {
			isa = PBXNativeTarget;
			buildConfigurationList = 78FABCA52C6F8BD2009BAD4F /* Build configuration list for PBXNativeTarget "Sound" */;
			buildPhases = (
				78FABC922C6F8BD1009BAD4F /* Sources */,
				78FABC932C6F8BD1009BAD4F /* Frameworks */,
				78FABC942C6F8BD1009BAD4F /* Resources */,
			);
			buildRules = (
			);
			dependencies = (
			);
			name = Sound;
			packageProductDependencies = (
				78FABCAB2C6F8C23009BAD4F /* AudioKit */,
				78FABCAE2C6F8C36009BAD4F /* SoundpipeAudioKit */,
			);
			productName = Sound;
			productReference = 78FABC962C6F8BD1009BAD4F /* Sound.app */;
			productType = "com.apple.product-type.application";
		};
/* End PBXNativeTarget section */

/* Begin PBXProject section */
		78FABC8E2C6F8BD1009BAD4F /* Project object */ = {
			isa = PBXProject;
			attributes = {
				BuildIndependentTargetsInParallel = 1;
				LastSwiftUpdateCheck = 1540;
				LastUpgradeCheck = 1540;
				TargetAttributes = {
					78FABC952C6F8BD1009BAD4F = {
						CreatedOnToolsVersion = 15.4;
					};
				};
			};
			buildConfigurationList = 78FABC912C6F8BD1009BAD4F /* Build configuration list for PBXProject "Sound" */;
			compatibilityVersion = "Xcode 14.0";
			developmentRegion = en;
			hasScannedForEncodings = 0;
			knownRegions = (
				en,
				Base,
			);
			mainGroup = 78FABC8D2C6F8BD1009BAD4F;
			packageReferences = (
				78FABCAA2C6F8C23009BAD4F /* XCRemoteSwiftPackageReference "AudioKit" */,
				78FABCAD2C6F8C36009BAD4F /* XCRemoteSwiftPackageReference "SoundpipeAudioKit" */,
			);
			productRefGroup = 78FABC972C6F8BD1009BAD4F /* Products */;
			projectDirPath = "";
			projectRoot = "";
			targets = (
				78FABC952C6F8BD1009BAD4F /* Sound */,
			);
		};
/* End PBXProject section */

/* Begin PBXResourcesBuildPhase section */
		78FABC942C6F8BD1009BAD4F /* Resources */ = {
			isa = PBXResourcesBuildPhase;
			buildActionMask = 2147483647;
			files = (
				78FABCCA2C6F8DBE009BAD4F /* Kitchen Timer Normal.caf in Resources */,
				78FABCCB2C6F8DBE009BAD4F /* Gong 2.caf in Resources */,
				78FABCCC2C6F8DBE009BAD4F /* Chimes 2.caf in Resources */,
				78FABCCD2C6F8DBE009BAD4F /* Chimes 3.caf in Resources */,
				78FABCCE2C6F8DBE009BAD4F /* Basic Bells 2.caf in Resources */,
				78FABCCF2C6F8DBE009BAD4F /* Singing Bowl 1.caf in Resources */,
				78FABCD02C6F8DBE009BAD4F /* Metallophone.caf in Resources */,
				78FABCD12C6F8DBE009BAD4F /* 047.aif in Resources */,
				78FABCD22C6F8DBE009BAD4F /* Singing Bowl 2.caf in Resources */,
				78FABCD32C6F8DBE009BAD4F /* Basic Bells 1.caf in Resources */,
				78FABCD42C6F8DBE009BAD4F /* Synth Bell.caf in Resources */,
				78FABCD52C6F8DBE009BAD4F /* Gong 2b.caf in Resources */,
				78FABCD62C6F8DBE009BAD4F /* Phonogeneli.aif in Resources */,
				78FABCD72C6F8DBE009BAD4F /* Singing Bowl 2b.caf in Resources */,
				78FABCD82C6F8DBE009BAD4F /* 060.aif in Resources */,
				78FABCD92C6F8DBE009BAD4F /* Chimes.caf in Resources */,
				78FABCDA2C6F8DBE009BAD4F /* Friendly End.caf in Resources */,
				78FABCDB2C6F8DBE009BAD4F /* Chimes 4.caf in Resources */,
				78FABCDC2C6F8DBE009BAD4F /* Basic Bells 3.caf in Resources */,
				78FABCDD2C6F8DBE009BAD4F /* Dual Bowl.caf in Resources */,
				78FABCDE2C6F8DBE009BAD4F /* Friendly.caf in Resources */,
				78FABCA22C6F8BD2009BAD4F /* Preview Assets.xcassets in Resources */,
				78FABC9E2C6F8BD2009BAD4F /* Assets.xcassets in Resources */,
			);
			runOnlyForDeploymentPostprocessing = 0;
		};
/* End PBXResourcesBuildPhase section */

/* Begin PBXSourcesBuildPhase section */
		78FABC922C6F8BD1009BAD4F /* Sources */ = {
			isa = PBXSourcesBuildPhase;
			buildActionMask = 2147483647;
			files = (
				78FABCA92C6F8C00009BAD4F /* AudioManager.swift in Sources */,
				78FABCC92C6F8D38009BAD4F /* SoundToyView.swift in Sources */,
				78FABC9C2C6F8BD1009BAD4F /* ContentView.swift in Sources */,
				78FABC9A2C6F8BD1009BAD4F /* SoundApp.swift in Sources */,
			);
			runOnlyForDeploymentPostprocessing = 0;
		};
/* End PBXSourcesBuildPhase section */

/* Begin XCBuildConfiguration section */
		78FABCA32C6F8BD2009BAD4F /* Debug */ = {
			isa = XCBuildConfiguration;
			buildSettings = {
				ALWAYS_SEARCH_USER_PATHS = NO;
				ASSETCATALOG_COMPILER_GENERATE_SWIFT_ASSET_SYMBOL_EXTENSIONS = YES;
				CLANG_ANALYZER_NONNULL = YES;
				CLANG_ANALYZER_NUMBER_OBJECT_CONVERSION = YES_AGGRESSIVE;
				CLANG_CXX_LANGUAGE_STANDARD = "gnu++20";
				CLANG_ENABLE_MODULES = YES;
				CLANG_ENABLE_OBJC_ARC = YES;
				CLANG_ENABLE_OBJC_WEAK = YES;
				CLANG_WARN_BLOCK_CAPTURE_AUTORELEASING = YES;
				CLANG_WARN_BOOL_CONVERSION = YES;
				CLANG_WARN_COMMA = YES;
				CLANG_WARN_CONSTANT_CONVERSION = YES;
				CLANG_WARN_DEPRECATED_OBJC_IMPLEMENTATIONS = YES;
				CLANG_WARN_DIRECT_OBJC_ISA_USAGE = YES_ERROR;
				CLANG_WARN_DOCUMENTATION_COMMENTS = YES;
				CLANG_WARN_EMPTY_BODY = YES;
				CLANG_WARN_ENUM_CONVERSION = YES;
				CLANG_WARN_INFINITE_RECURSION = YES;
				CLANG_WARN_INT_CONVERSION = YES;
				CLANG_WARN_NON_LITERAL_NULL_CONVERSION = YES;
				CLANG_WARN_OBJC_IMPLICIT_RETAIN_SELF = YES;
				CLANG_WARN_OBJC_LITERAL_CONVERSION = YES;
				CLANG_WARN_OBJC_ROOT_CLASS = YES_ERROR;
				CLANG_WARN_QUOTED_INCLUDE_IN_FRAMEWORK_HEADER = YES;
				CLANG_WARN_RANGE_LOOP_ANALYSIS = YES;
				CLANG_WARN_STRICT_PROTOTYPES = YES;
				CLANG_WARN_SUSPICIOUS_MOVE = YES;
				CLANG_WARN_UNGUARDED_AVAILABILITY = YES_AGGRESSIVE;
				CLANG_WARN_UNREACHABLE_CODE = YES;
				CLANG_WARN__DUPLICATE_METHOD_MATCH = YES;
				COPY_PHASE_STRIP = NO;
				DEBUG_INFORMATION_FORMAT = dwarf;
				ENABLE_STRICT_OBJC_MSGSEND = YES;
				ENABLE_TESTABILITY = YES;
				ENABLE_USER_SCRIPT_SANDBOXING = YES;
				GCC_C_LANGUAGE_STANDARD = gnu17;
				GCC_DYNAMIC_NO_PIC = NO;
				GCC_NO_COMMON_BLOCKS = YES;
				GCC_OPTIMIZATION_LEVEL = 0;
				GCC_PREPROCESSOR_DEFINITIONS = (
					"DEBUG=1",
					"$(inherited)",
				);
				GCC_WARN_64_TO_32_BIT_CONVERSION = YES;
				GCC_WARN_ABOUT_RETURN_TYPE = YES_ERROR;
				GCC_WARN_UNDECLARED_SELECTOR = YES;
				GCC_WARN_UNINITIALIZED_AUTOS = YES_AGGRESSIVE;
				GCC_WARN_UNUSED_FUNCTION = YES;
				GCC_WARN_UNUSED_VARIABLE = YES;
				LOCALIZATION_PREFERS_STRING_CATALOGS = YES;
				MTL_ENABLE_DEBUG_INFO = INCLUDE_SOURCE;
				MTL_FAST_MATH = YES;
				ONLY_ACTIVE_ARCH = YES;
				SWIFT_ACTIVE_COMPILATION_CONDITIONS = "DEBUG $(inherited)";
				SWIFT_OPTIMIZATION_LEVEL = "-Onone";
			};
			name = Debug;
		};
		78FABCA42C6F8BD2009BAD4F /* Release */ = {
			isa = XCBuildConfiguration;
			buildSettings = {
				ALWAYS_SEARCH_USER_PATHS = NO;
				ASSETCATALOG_COMPILER_GENERATE_SWIFT_ASSET_SYMBOL_EXTENSIONS = YES;
				CLANG_ANALYZER_NONNULL = YES;
				CLANG_ANALYZER_NUMBER_OBJECT_CONVERSION = YES_AGGRESSIVE;
				CLANG_CXX_LANGUAGE_STANDARD = "gnu++20";
				CLANG_ENABLE_MODULES = YES;
				CLANG_ENABLE_OBJC_ARC = YES;
				CLANG_ENABLE_OBJC_WEAK = YES;
				CLANG_WARN_BLOCK_CAPTURE_AUTORELEASING = YES;
				CLANG_WARN_BOOL_CONVERSION = YES;
				CLANG_WARN_COMMA = YES;
				CLANG_WARN_CONSTANT_CONVERSION = YES;
				CLANG_WARN_DEPRECATED_OBJC_IMPLEMENTATIONS = YES;
				CLANG_WARN_DIRECT_OBJC_ISA_USAGE = YES_ERROR;
				CLANG_WARN_DOCUMENTATION_COMMENTS = YES;
				CLANG_WARN_EMPTY_BODY = YES;
				CLANG_WARN_ENUM_CONVERSION = YES;
				CLANG_WARN_INFINITE_RECURSION = YES;
				CLANG_WARN_INT_CONVERSION = YES;
				CLANG_WARN_NON_LITERAL_NULL_CONVERSION = YES;
				CLANG_WARN_OBJC_IMPLICIT_RETAIN_SELF = YES;
				CLANG_WARN_OBJC_LITERAL_CONVERSION = YES;
				CLANG_WARN_OBJC_ROOT_CLASS = YES_ERROR;
				CLANG_WARN_QUOTED_INCLUDE_IN_FRAMEWORK_HEADER = YES;
				CLANG_WARN_RANGE_LOOP_ANALYSIS = YES;
				CLANG_WARN_STRICT_PROTOTYPES = YES;
				CLANG_WARN_SUSPICIOUS_MOVE = YES;
				CLANG_WARN_UNGUARDED_AVAILABILITY = YES_AGGRESSIVE;
				CLANG_WARN_UNREACHABLE_CODE = YES;
				CLANG_WARN__DUPLICATE_METHOD_MATCH = YES;
				COPY_PHASE_STRIP = NO;
				DEBUG_INFORMATION_FORMAT = "dwarf-with-dsym";
				ENABLE_NS_ASSERTIONS = NO;
				ENABLE_STRICT_OBJC_MSGSEND = YES;
				ENABLE_USER_SCRIPT_SANDBOXING = YES;
				GCC_C_LANGUAGE_STANDARD = gnu17;
				GCC_NO_COMMON_BLOCKS = YES;
				GCC_WARN_64_TO_32_BIT_CONVERSION = YES;
				GCC_WARN_ABOUT_RETURN_TYPE = YES_ERROR;
				GCC_WARN_UNDECLARED_SELECTOR = YES;
				GCC_WARN_UNINITIALIZED_AUTOS = YES_AGGRESSIVE;
				GCC_WARN_UNUSED_FUNCTION = YES;
				GCC_WARN_UNUSED_VARIABLE = YES;
				LOCALIZATION_PREFERS_STRING_CATALOGS = YES;
				MTL_ENABLE_DEBUG_INFO = NO;
				MTL_FAST_MATH = YES;
				SWIFT_COMPILATION_MODE = wholemodule;
			};
			name = Release;
		};
		78FABCA62C6F8BD2009BAD4F /* Debug */ = {
			isa = XCBuildConfiguration;
			buildSettings = {
				ASSETCATALOG_COMPILER_APPICON_NAME = AppIcon;
				ASSETCATALOG_COMPILER_GLOBAL_ACCENT_COLOR_NAME = AccentColor;
				CODE_SIGN_ENTITLEMENTS = Sound/Sound.entitlements;
				CODE_SIGN_STYLE = Automatic;
				CURRENT_PROJECT_VERSION = 1;
				DEVELOPMENT_ASSET_PATHS = "\"Sound/Preview Content\"";
				DEVELOPMENT_TEAM = A9H57996U3;
				ENABLE_HARDENED_RUNTIME = YES;
				ENABLE_PREVIEWS = YES;
				GENERATE_INFOPLIST_FILE = YES;
				INFOPLIST_KEY_CFBundleDisplayName = "7III Sound";
				"INFOPLIST_KEY_UIApplicationSceneManifest_Generation[sdk=iphoneos*]" = YES;
				"INFOPLIST_KEY_UIApplicationSceneManifest_Generation[sdk=iphonesimulator*]" = YES;
				"INFOPLIST_KEY_UIApplicationSupportsIndirectInputEvents[sdk=iphoneos*]" = YES;
				"INFOPLIST_KEY_UIApplicationSupportsIndirectInputEvents[sdk=iphonesimulator*]" = YES;
				"INFOPLIST_KEY_UILaunchScreen_Generation[sdk=iphoneos*]" = YES;
				"INFOPLIST_KEY_UILaunchScreen_Generation[sdk=iphonesimulator*]" = YES;
				"INFOPLIST_KEY_UIStatusBarStyle[sdk=iphoneos*]" = UIStatusBarStyleDefault;
				"INFOPLIST_KEY_UIStatusBarStyle[sdk=iphonesimulator*]" = UIStatusBarStyleDefault;
				INFOPLIST_KEY_UISupportedInterfaceOrientations_iPad = "UIInterfaceOrientationPortrait UIInterfaceOrientationPortraitUpsideDown UIInterfaceOrientationLandscapeLeft UIInterfaceOrientationLandscapeRight";
				INFOPLIST_KEY_UISupportedInterfaceOrientations_iPhone = "UIInterfaceOrientationPortrait UIInterfaceOrientationLandscapeLeft UIInterfaceOrientationLandscapeRight";
				IPHONEOS_DEPLOYMENT_TARGET = 17.5;
				LD_RUNPATH_SEARCH_PATHS = "@executable_path/Frameworks";
				"LD_RUNPATH_SEARCH_PATHS[sdk=macosx*]" = "@executable_path/../Frameworks";
				MACOSX_DEPLOYMENT_TARGET = 14.5;
				MARKETING_VERSION = 0.1;
				PRODUCT_BUNDLE_IDENTIFIER = com.project7III.Sound;
				PRODUCT_NAME = "$(TARGET_NAME)";
				SDKROOT = auto;
				SUPPORTED_PLATFORMS = "iphoneos iphonesimulator macosx";
				SWIFT_EMIT_LOC_STRINGS = YES;
				SWIFT_VERSION = 5.0;
				TARGETED_DEVICE_FAMILY = "1,2";
			};
			name = Debug;
		};
		78FABCA72C6F8BD2009BAD4F /* Release */ = {
			isa = XCBuildConfiguration;
			buildSettings = {
				ASSETCATALOG_COMPILER_APPICON_NAME = AppIcon;
				ASSETCATALOG_COMPILER_GLOBAL_ACCENT_COLOR_NAME = AccentColor;
				CODE_SIGN_ENTITLEMENTS = Sound/Sound.entitlements;
				CODE_SIGN_STYLE = Automatic;
				CURRENT_PROJECT_VERSION = 1;
				DEVELOPMENT_ASSET_PATHS = "\"Sound/Preview Content\"";
				DEVELOPMENT_TEAM = A9H57996U3;
				ENABLE_HARDENED_RUNTIME = YES;
				ENABLE_PREVIEWS = YES;
				GENERATE_INFOPLIST_FILE = YES;
				INFOPLIST_KEY_CFBundleDisplayName = "7III Sound";
				"INFOPLIST_KEY_UIApplicationSceneManifest_Generation[sdk=iphoneos*]" = YES;
				"INFOPLIST_KEY_UIApplicationSceneManifest_Generation[sdk=iphonesimulator*]" = YES;
				"INFOPLIST_KEY_UIApplicationSupportsIndirectInputEvents[sdk=iphoneos*]" = YES;
				"INFOPLIST_KEY_UIApplicationSupportsIndirectInputEvents[sdk=iphonesimulator*]" = YES;
				"INFOPLIST_KEY_UILaunchScreen_Generation[sdk=iphoneos*]" = YES;
				"INFOPLIST_KEY_UILaunchScreen_Generation[sdk=iphonesimulator*]" = YES;
				"INFOPLIST_KEY_UIStatusBarStyle[sdk=iphoneos*]" = UIStatusBarStyleDefault;
				"INFOPLIST_KEY_UIStatusBarStyle[sdk=iphonesimulator*]" = UIStatusBarStyleDefault;
				INFOPLIST_KEY_UISupportedInterfaceOrientations_iPad = "UIInterfaceOrientationPortrait UIInterfaceOrientationPortraitUpsideDown UIInterfaceOrientationLandscapeLeft UIInterfaceOrientationLandscapeRight";
				INFOPLIST_KEY_UISupportedInterfaceOrientations_iPhone = "UIInterfaceOrientationPortrait UIInterfaceOrientationLandscapeLeft UIInterfaceOrientationLandscapeRight";
				IPHONEOS_DEPLOYMENT_TARGET = 17.5;
				LD_RUNPATH_SEARCH_PATHS = "@executable_path/Frameworks";
				"LD_RUNPATH_SEARCH_PATHS[sdk=macosx*]" = "@executable_path/../Frameworks";
				MACOSX_DEPLOYMENT_TARGET = 14.5;
				MARKETING_VERSION = 0.1;
				PRODUCT_BUNDLE_IDENTIFIER = com.project7III.Sound;
				PRODUCT_NAME = "$(TARGET_NAME)";
				SDKROOT = auto;
				SUPPORTED_PLATFORMS = "iphoneos iphonesimulator macosx";
				SWIFT_EMIT_LOC_STRINGS = YES;
				SWIFT_VERSION = 5.0;
				TARGETED_DEVICE_FAMILY = "1,2";
			};
			name = Release;
		};
/* End XCBuildConfiguration section */

/* Begin XCConfigurationList section */
		78FABC912C6F8BD1009BAD4F /* Build configuration list for PBXProject "Sound" */ = {
			isa = XCConfigurationList;
			buildConfigurations = (
				78FABCA32C6F8BD2009BAD4F /* Debug */,
				78FABCA42C6F8BD2009BAD4F /* Release */,
			);
			defaultConfigurationIsVisible = 0;
			defaultConfigurationName = Release;
		};
		78FABCA52C6F8BD2009BAD4F /* Build configuration list for PBXNativeTarget "Sound" */ = {
			isa = XCConfigurationList;
			buildConfigurations = (
				78FABCA62C6F8BD2009BAD4F /* Debug */,
				78FABCA72C6F8BD2009BAD4F /* Release */,
			);
			defaultConfigurationIsVisible = 0;
			defaultConfigurationName = Release;
		};
/* End XCConfigurationList section */

/* Begin XCRemoteSwiftPackageReference section */
		78FABCAA2C6F8C23009BAD4F /* XCRemoteSwiftPackageReference "AudioKit" */ = {
			isa = XCRemoteSwiftPackageReference;
			repositoryURL = "https://github.com/AudioKit/AudioKit.git";
			requirement = {
				kind = upToNextMajorVersion;
				minimumVersion = 5.6.4;
			};
		};
		78FABCAD2C6F8C36009BAD4F /* XCRemoteSwiftPackageReference "SoundpipeAudioKit" */ = {
			isa = XCRemoteSwiftPackageReference;
			repositoryURL = "https://github.com/AudioKit/SoundpipeAudioKit";
			requirement = {
				kind = upToNextMajorVersion;
				minimumVersion = 5.6.1;
			};
		};
/* End XCRemoteSwiftPackageReference section */

/* Begin XCSwiftPackageProductDependency section */
		78FABCAB2C6F8C23009BAD4F /* AudioKit */ = {
			isa = XCSwiftPackageProductDependency;
			package = 78FABCAA2C6F8C23009BAD4F /* XCRemoteSwiftPackageReference "AudioKit" */;
			productName = AudioKit;
		};
		78FABCAE2C6F8C36009BAD4F /* SoundpipeAudioKit */ = {
			isa = XCSwiftPackageProductDependency;
			package = 78FABCAD2C6F8C36009BAD4F /* XCRemoteSwiftPackageReference "SoundpipeAudioKit" */;
			productName = SoundpipeAudioKit;
		};
/* End XCSwiftPackageProductDependency section */
	};
	rootObject = 78FABC8E2C6F8BD1009BAD4F /* Project object */;
}
